Microsoft Visual Studio Solution File, Format Version 12.00
# Visual Studio Version 17
VisualStudioVersion = 17.5.2.0
MinimumVisualStudioVersion = 10.0.40219.1
Project("{2150E333-8FDC-42A3-9474-1A3956D46DE8}") = "first", "first", "{5972DD5C-6A8A-8313-D67A-C6A48540CC1A}"
EndProject
Project("{FAE04EC0-301F-11D3-BF4B-00C04F79EFBC}") = "Hello", "first\Hello\Hello.csproj", "{33FC5CFD-3FDF-3DB5-8798-C9026DE07CB2}"
EndProject
Global
	GlobalSection(SolutionConfigurationPlatforms) = preSolution
		Debug|Any CPU = Debug|Any CPU
		Release|Any CPU = Release|Any CPU
	EndGlobalSection
	GlobalSection(ProjectConfigurationPlatforms) = postSolution
		{33FC5CFD-3FDF-3DB5-8798-C9026DE07CB2}.Debug|Any CPU.ActiveCfg = Debug|Any CPU
		{33FC5CFD-3FDF-3DB5-8798-C9026DE07CB2}.Debug|Any CPU.Build.0 = Debug|Any CPU
		{33FC5CFD-3FDF-3DB5-8798-C9026DE07CB2}.Release|Any CPU.ActiveCfg = Release|Any CPU
		{33FC5CFD-3FDF-3DB5-8798-C9026DE07CB2}.Release|Any CPU.Build.0 = Release|Any CPU
	EndGlobalSection
	GlobalSection(SolutionProperties) = preSolution
		HideSolutionNode = FALSE
	EndGlobalSection
	GlobalSection(NestedProjects) = preSolution
		{33FC5CFD-3FDF-3DB5-8798-C9026DE07CB2} = {5972DD5C-6A8A-8313-D67A-C6A48540CC1A}
	EndGlobalSection
	GlobalSection(ExtensibilityGlobals) = postSolution
		SolutionGuid = {DC0BE30E-8910-4807-B224-0675320A5F35}
	EndGlobalSection
EndGlobal
